
Microsoft Visual Studio Solution File, Format Version 11.00
# Visual Studio 2010
Project("{FAE04EC0-301F-11D3-BF4B-00C04F79EFBC}") = "TestTask", "TestTask\TestTask.csproj", "{86C327B5-7A4A-4F2E-9726-3A662FD5042F}"
EndProject
Global
	GlobalSection(SolutionConfigurationPlatforms) = preSolution
		Debug|x86 = Debug|x86
		Release|x86 = Release|x86
	EndGlobalSection
	GlobalSection(ProjectConfigurationPlatforms) = postSolution
		{86C327B5-7A4A-4F2E-9726-3A662FD5042F}.Debug|x86.ActiveCfg = Debug|x86
		{86C327B5-7A4A-4F2E-9726-3A662FD5042F}.Debug|x86.Build.0 = Debug|x86
		{86C327B5-7A4A-4F2E-9726-3A662FD5042F}.Release|x86.ActiveCfg = Release|x86
		{86C327B5-7A4A-4F2E-9726-3A662FD5042F}.Release|x86.Build.0 = Release|x86
	EndGlobalSection
	GlobalSection(SolutionProperties) = preSolution
		HideSolutionNode = FALSE
	EndGlobalSection
EndGlobal
